
Microsoft Visual Studio Solution File, Format Version 12.00
# Visual Studio Version 16
VisualStudioVersion = 16.0.30413.136
MinimumVisualStudioVersion = 10.0.40219.1
Project("{FAE04EC0-301F-11D3-BF4B-00C04F79EFBC}") = "Week6Arrays", "Week6Arrays\Week6Arrays.csproj", "{D7A9F9DD-66C2-4A37-9A93-ECB47AB6E1B8}"
EndProject
Project("{FAE04EC0-301F-11D3-BF4B-00C04F79EFBC}") = "WardrobePicker", "WardrobePicker\WardrobePicker.csproj", "{64399CFA-4696-477C-BF0E-81D02F4D3724}"
EndProject
Project("{FAE04EC0-301F-11D3-BF4B-00C04F79EFBC}") = "UserAgainstZombies", "UserAgainstZombies\UserAgainstZombies.csproj", "{0D61AD7A-E1FB-44AA-9A08-4580919C4CBA}"
EndProject
Global
	GlobalSection(SolutionConfigurationPlatforms) = preSolution
		Debug|Any CPU = Debug|Any CPU
		Release|Any CPU = Release|Any CPU
	EndGlobalSection
	GlobalSection(ProjectConfigurationPlatforms) = postSolution
		{D7A9F9DD-66C2-4A37-9A93-ECB47AB6E1B8}.Debug|Any CPU.ActiveCfg = Debug|Any CPU
		{D7A9F9DD-66C2-4A37-9A93-ECB47AB6E1B8}.Debug|Any CPU.Build.0 = Debug|Any CPU
		{D7A9F9DD-66C2-4A37-9A93-ECB47AB6E1B8}.Release|Any CPU.ActiveCfg = Release|Any CPU
		{D7A9F9DD-66C2-4A37-9A93-ECB47AB6E1B8}.Release|Any CPU.Build.0 = Release|Any CPU
		{64399CFA-4696-477C-BF0E-81D02F4D3724}.Debug|Any CPU.ActiveCfg = Debug|Any CPU
		{64399CFA-4696-477C-BF0E-81D02F4D3724}.Debug|Any CPU.Build.0 = Debug|Any CPU
		{64399CFA-4696-477C-BF0E-81D02F4D3724}.Release|Any CPU.ActiveCfg = Release|Any CPU
		{64399CFA-4696-477C-BF0E-81D02F4D3724}.Release|Any CPU.Build.0 = Release|Any CPU
		{0D61AD7A-E1FB-44AA-9A08-4580919C4CBA}.Debug|Any CPU.ActiveCfg = Debug|Any CPU
		{0D61AD7A-E1FB-44AA-9A08-4580919C4CBA}.Debug|Any CPU.Build.0 = Debug|Any CPU
		{0D61AD7A-E1FB-44AA-9A08-4580919C4CBA}.Release|Any CPU.ActiveCfg = Release|Any CPU
		{0D61AD7A-E1FB-44AA-9A08-4580919C4CBA}.Release|Any CPU.Build.0 = Release|Any CPU
	EndGlobalSection
	GlobalSection(SolutionProperties) = preSolution
		HideSolutionNode = FALSE
	EndGlobalSection
	GlobalSection(ExtensibilityGlobals) = postSolution
		SolutionGuid = {14B4C2F2-4EC7-43B2-A2A9-CBEA6E3C1B96}
	EndGlobalSection
EndGlobal
